
Microsoft Visual Studio Solution File, Format Version 12.00
# Visual Studio 15
VisualStudioVersion = 15.0.28307.757
MinimumVisualStudioVersion = 10.0.40219.1
Project("{FAE04EC0-301F-11D3-BF4B-00C04F79EFBC}") = "UdpClient", "UdpClient\UdpClient.csproj", "{07A8BC9D-5CAD-4BA7-9B01-24B3E947D65A}"
EndProject
Global
	GlobalSection(SolutionConfigurationPlatforms) = preSolution
		Debug|Any CPU = Debug|Any CPU
		Release|Any CPU = Release|Any CPU
	EndGlobalSection
	GlobalSection(ProjectConfigurationPlatforms) = postSolution
		{07A8BC9D-5CAD-4BA7-9B01-24B3E947D65A}.Debug|Any CPU.ActiveCfg = Debug|Any CPU
		{07A8BC9D-5CAD-4BA7-9B01-24B3E947D65A}.Debug|Any CPU.Build.0 = Debug|Any CPU
		{07A8BC9D-5CAD-4BA7-9B01-24B3E947D65A}.Release|Any CPU.ActiveCfg = Release|Any CPU
		{07A8BC9D-5CAD-4BA7-9B01-24B3E947D65A}.Release|Any CPU.Build.0 = Release|Any CPU
	EndGlobalSection
	GlobalSection(SolutionProperties) = preSolution
		HideSolutionNode = FALSE
	EndGlobalSection
	GlobalSection(ExtensibilityGlobals) = postSolution
		SolutionGuid = {0B9FC489-8E19-4E0D-9E2E-3F48CCB2BD65}
	EndGlobalSection
EndGlobal
